// !$*UTF8*$!
{
	archiveVersion = 1;
	classes = {
	};
	objectVersion = 50;
	objects = {

/* Begin PBXBuildFile section */
		FC6194C8255E69B2005513F9 /* loginVC.swift in Sources */ = {isa = PBXBuildFile; fileRef = FC6194C7255E69B2005513F9 /* loginVC.swift */; };
		FC725E392556805D003884F8 /* AppDelegate.swift in Sources */ = {isa = PBXBuildFile; fileRef = FC725E382556805D003884F8 /* AppDelegate.swift */; };
		FC725E3B2556805D003884F8 /* SceneDelegate.swift in Sources */ = {isa = PBXBuildFile; fileRef = FC725E3A2556805D003884F8 /* SceneDelegate.swift */; };
		FC725E3D2556805D003884F8 /* ViewController.swift in Sources */ = {isa = PBXBuildFile; fileRef = FC725E3C2556805D003884F8 /* ViewController.swift */; };
		FC725E402556805D003884F8 /* Main.storyboard in Resources */ = {isa = PBXBuildFile; fileRef = FC725E3E2556805D003884F8 /* Main.storyboard */; };
		FC725E4225568060003884F8 /* Assets.xcassets in Resources */ = {isa = PBXBuildFile; fileRef = FC725E4125568060003884F8 /* Assets.xcassets */; };
		FC725E4525568060003884F8 /* LaunchScreen.storyboard in Resources */ = {isa = PBXBuildFile; fileRef = FC725E4325568060003884F8 /* LaunchScreen.storyboard */; };
		FC725E4E2556849A003884F8 /* HeaderVCCollectionReusableView.swift in Sources */ = {isa = PBXBuildFile; fileRef = FC725E4D2556849A003884F8 /* HeaderVCCollectionReusableView.swift */; };
		FC725E5225568578003884F8 /* myCollectionViewCell.swift in Sources */ = {isa = PBXBuildFile; fileRef = FC725E5025568578003884F8 /* myCollectionViewCell.swift */; };
		FC725E5325568578003884F8 /* myCollectionViewCell.xib in Resources */ = {isa = PBXBuildFile; fileRef = FC725E5125568578003884F8 /* myCollectionViewCell.xib */; };
		FC725E5D25568FAE003884F8 /* Members.swift in Sources */ = {isa = PBXBuildFile; fileRef = FC725E5C25568FAE003884F8 /* Members.swift */; };
/* End PBXBuildFile section */

/* Begin PBXFileReference section */
		FC6194C7255E69B2005513F9 /* loginVC.swift */ = {isa = PBXFileReference; lastKnownFileType = sourcecode.swift; path = loginVC.swift; sourceTree = "<group>"; };
		FC725E352556805D003884F8 /* Week4_homework.app */ = {isa = PBXFileReference; explicitFileType = wrapper.application; includeInIndex = 0; path = Week4_homework.app; sourceTree = BUILT_PRODUCTS_DIR; };
		FC725E382556805D003884F8 /* AppDelegate.swift */ = {isa = PBXFileReference; lastKnownFileType = sourcecode.swift; path = AppDelegate.swift; sourceTree = "<group>"; };
		FC725E3A2556805D003884F8 /* SceneDelegate.swift */ = {isa = PBXFileReference; lastKnownFileType = sourcecode.swift; path = SceneDelegate.swift; sourceTree = "<group>"; };
		FC725E3C2556805D003884F8 /* ViewController.swift */ = {isa = PBXFileReference; lastKnownFileType = sourcecode.swift; path = ViewController.swift; sourceTree = "<group>"; };
		FC725E3F2556805D003884F8 /* Base */ = {isa = PBXFileReference; lastKnownFileType = file.storyboard; name = Base; path = Base.lproj/Main.storyboard; sourceTree = "<group>"; };
		FC725E4125568060003884F8 /* Assets.xcassets */ = {isa = PBXFileReference; lastKnownFileType = folder.assetcatalog; path = Assets.xcassets; sourceTree = "<group>"; };
		FC725E4425568060003884F8 /* Base */ = {isa = PBXFileReference; lastKnownFileType = file.storyboard; name = Base; path = Base.lproj/LaunchScreen.storyboard; sourceTree = "<group>"; };
		FC725E4625568060003884F8 /* Info.plist */ = {isa = PBXFileReference; lastKnownFileType = text.plist.xml; path = Info.plist; sourceTree = "<group>"; };
		FC725E4D2556849A003884F8 /* HeaderVCCollectionReusableView.swift */ = {isa = PBXFileReference; lastKnownFileType = sourcecode.swift; path = HeaderVCCollectionReusableView.swift; sourceTree = "<group>"; };
		FC725E5025568578003884F8 /* myCollectionViewCell.swift */ = {isa = PBXFileReference; lastKnownFileType = sourcecode.swift; path = myCollectionViewCell.swift; sourceTree = "<group>"; };
		FC725E5125568578003884F8 /* myCollectionViewCell.xib */ = {isa = PBXFileReference; lastKnownFileType = file.xib; path = myCollectionViewCell.xib; sourceTree = "<group>"; };
		FC725E5C25568FAE003884F8 /* Members.swift */ = {isa = PBXFileReference; lastKnownFileType = sourcecode.swift; path = Members.swift; sourceTree = "<group>"; };
/* End PBXFileReference section */

/* Begin PBXFrameworksBuildPhase section */
		FC725E322556805D003884F8 /* Frameworks */ = {
			isa = PBXFrameworksBuildPhase;
			buildActionMask = 2147483647;
			files = (
			);
			runOnlyForDeploymentPostprocessing = 0;
		};
/* End PBXFrameworksBuildPhase section */

/* Begin PBXGroup section */
		FC725E2C2556805D003884F8 = {
			isa = PBXGroup;
			children = (
				FC725E372556805D003884F8 /* Week4_homework */,
				FC725E362556805D003884F8 /* Products */,
			);
			sourceTree = "<group>";
		};
		FC725E362556805D003884F8 /* Products */ = {
			isa = PBXGroup;
			children = (
				FC725E352556805D003884F8 /* Week4_homework.app */,
			);
			name = Products;
			sourceTree = "<group>";
		};
		FC725E372556805D003884F8 /* Week4_homework */ = {
			isa = PBXGroup;
			children = (
				FC725E382556805D003884F8 /* AppDelegate.swift */,
				FC725E3A2556805D003884F8 /* SceneDelegate.swift */,
				FC725E3C2556805D003884F8 /* ViewController.swift */,
				FC725E5C25568FAE003884F8 /* Members.swift */,
				FC725E3E2556805D003884F8 /* Main.storyboard */,
				FC6194C7255E69B2005513F9 /* loginVC.swift */,
				FC725E5025568578003884F8 /* myCollectionViewCell.swift */,
				FC725E5125568578003884F8 /* myCollectionViewCell.xib */,
				FC725E4D2556849A003884F8 /* HeaderVCCollectionReusableView.swift */,
				FC725E4125568060003884F8 /* Assets.xcassets */,
				FC725E4325568060003884F8 /* LaunchScreen.storyboard */,
				FC725E4625568060003884F8 /* Info.plist */,
			);
			path = Week4_homework;
			sourceTree = "<group>";
		};
/* End PBXGroup section */

/* Begin PBXNativeTarget section */
		FC725E342556805D003884F8 /* Week4_homework */ = {
			isa = PBXNativeTarget;
			buildConfigurationList = FC725E4925568060003884F8 /* Build configuration list for PBXNativeTarget "Week4_homework" */;
			buildPhases = (
				FC725E312556805D003884F8 /* Sources */,
				FC725E322556805D003884F8 /* Frameworks */,
				FC725E332556805D003884F8 /* Resources */,
			);
			buildRules = (
			);
			dependencies = (
			);
			name = Week4_homework;
			productName = Week3_homework2;
			productReference = FC725E352556805D003884F8 /* Week4_homework.app */;
			productType = "com.apple.product-type.application";
		};
/* End PBXNativeTarget section */

/* Begin PBXProject section */
		FC725E2D2556805D003884F8 /* Project object */ = {
			isa = PBXProject;
			attributes = {
				LastSwiftUpdateCheck = 1210;
				LastUpgradeCheck = 1210;
				TargetAttributes = {
					FC725E342556805D003884F8 = {
						CreatedOnToolsVersion = 12.1;
					};
				};
			};
			buildConfigurationList = FC725E302556805D003884F8 /* Build configuration list for PBXProject "Week4_homework" */;
			compatibilityVersion = "Xcode 9.3";
			developmentRegion = en;
			hasScannedForEncodings = 0;
			knownRegions = (
				en,
				Base,
			);
			mainGroup = FC725E2C2556805D003884F8;
			productRefGroup = FC725E362556805D003884F8 /* Products */;
			projectDirPath = "";
			projectRoot = "";
			targets = (
				FC725E342556805D003884F8 /* Week4_homework */,
			);
		};
/* End PBXProject section */

/* Begin PBXResourcesBuildPhase section */
		FC725E332556805D003884F8 /* Resources */ = {
			isa = PBXResourcesBuildPhase;
			buildActionMask = 2147483647;
			files = (
				FC725E4525568060003884F8 /* LaunchScreen.storyboard in Resources */,
				FC725E4225568060003884F8 /* Assets.xcassets in Resources */,
				FC725E5325568578003884F8 /* myCollectionViewCell.xib in Resources */,
				FC725E402556805D003884F8 /* Main.storyboard in Resources */,
			);
			runOnlyForDeploymentPostprocessing = 0;
		};
/* End PBXResourcesBuildPhase section */

/* Begin PBXSourcesBuildPhase section */
		FC725E312556805D003884F8 /* Sources */ = {
			isa = PBXSourcesBuildPhase;
			buildActionMask = 2147483647;
			files = (
				FC725E3D2556805D003884F8 /* ViewController.swift in Sources */,
				FC725E5225568578003884F8 /* myCollectionViewCell.swift in Sources */,
				FC725E392556805D003884F8 /* AppDelegate.swift in Sources */,
				FC6194C8255E69B2005513F9 /* loginVC.swift in Sources */,
				FC725E5D25568FAE003884F8 /* Members.swift in Sources */,
				FC725E3B2556805D003884F8 /* SceneDelegate.swift in Sources */,
				FC725E4E2556849A003884F8 /* HeaderVCCollectionReusableView.swift in Sources */,
			);
			runOnlyForDeploymentPostprocessing = 0;
		};
/* End PBXSourcesBuildPhase section */

/* Begin PBXVariantGroup section */
		FC725E3E2556805D003884F8 /* Main.storyboard */ = {
			isa = PBXVariantGroup;
			children = (
				FC725E3F2556805D003884F8 /* Base */,
			);
			name = Main.storyboard;
			sourceTree = "<group>";
		};
		FC725E4325568060003884F8 /* LaunchScreen.storyboard */ = {
			isa = PBXVariantGroup;
			children = (
				FC725E4425568060003884F8 /* Base */,
			);
			name = LaunchScreen.storyboard;
			sourceTree = "<group>";
		};
/* End PBXVariantGroup section */

/* Begin XCBuildConfiguration section */
		FC725E4725568060003884F8 /* Debug */ = {
			isa = XCBuildConfiguration;
			buildSettings = {
				ALWAYS_SEARCH_USER_PATHS = NO;
				CLANG_ANALYZER_NONNULL = YES;
				CLANG_ANALYZER_NUMBER_OBJECT_CONVERSION = YES_AGGRESSIVE;
				CLANG_CXX_LANGUAGE_STANDARD = "gnu++14";
				CLANG_CXX_LIBRARY = "libc++";
				CLANG_ENABLE_MODULES = YES;
				CLANG_ENABLE_OBJC_ARC = YES;
				CLANG_ENABLE_OBJC_WEAK = YES;
				CLANG_WARN_BLOCK_CAPTURE_AUTORELEASING = YES;
				CLANG_WARN_BOOL_CONVERSION = YES;
				CLANG_WARN_COMMA = YES;
				CLANG_WARN_CONSTANT_CONVERSION = YES;
				CLANG_WARN_DEPRECATED_OBJC_IMPLEMENTATIONS = YES;
				CLANG_WARN_DIRECT_OBJC_ISA_USAGE = YES_ERROR;
				CLANG_WARN_DOCUMENTATION_COMMENTS = YES;
				CLANG_WARN_EMPTY_BODY = YES;
				CLANG_WARN_ENUM_CONVERSION = YES;
				CLANG_WARN_INFINITE_RECURSION = YES;
				CLANG_WARN_INT_CONVERSION = YES;
				CLANG_WARN_NON_LITERAL_NULL_CONVERSION = YES;
				CLANG_WARN_OBJC_IMPLICIT_RETAIN_SELF = YES;
				CLANG_WARN_OBJC_LITERAL_CONVERSION = YES;
				CLANG_WARN_OBJC_ROOT_CLASS = YES_ERROR;
				CLANG_WARN_QUOTED_INCLUDE_IN_FRAMEWORK_HEADER = YES;
				CLANG_WARN_RANGE_LOOP_ANALYSIS = YES;
				CLANG_WARN_STRICT_PROTOTYPES = YES;
				CLANG_WARN_SUSPICIOUS_MOVE = YES;
				CLANG_WARN_UNGUARDED_AVAILABILITY = YES_AGGRESSIVE;
				CLANG_WARN_UNREACHABLE_CODE = YES;
				CLANG_WARN__DUPLICATE_METHOD_MATCH = YES;
				COPY_PHASE_STRIP = NO;
				DEBUG_INFORMATION_FORMAT = dwarf;
				ENABLE_STRICT_OBJC_MSGSEND = YES;
				ENABLE_TESTABILITY = YES;
				GCC_C_LANGUAGE_STANDARD = gnu11;
				GCC_DYNAMIC_NO_PIC = NO;
				GCC_NO_COMMON_BLOCKS = YES;
				GCC_OPTIMIZATION_LEVEL = 0;
				GCC_PREPROCESSOR_DEFINITIONS = (
					"DEBUG=1",
					"$(inherited)",
				);
				GCC_WARN_64_TO_32_BIT_CONVERSION = YES;
				GCC_WARN_ABOUT_RETURN_TYPE = YES_ERROR;
				GCC_WARN_UNDECLARED_SELECTOR = YES;
				GCC_WARN_UNINITIALIZED_AUTOS = YES_AGGRESSIVE;
				GCC_WARN_UNUSED_FUNCTION = YES;
				GCC_WARN_UNUSED_VARIABLE = YES;
				IPHONEOS_DEPLOYMENT_TARGET = 14.1;
				MTL_ENABLE_DEBUG_INFO = INCLUDE_SOURCE;
				MTL_FAST_MATH = YES;
				ONLY_ACTIVE_ARCH = YES;
				SDKROOT = iphoneos;
				SWIFT_ACTIVE_COMPILATION_CONDITIONS = DEBUG;
				SWIFT_OPTIMIZATION_LEVEL = "-Onone";
			};
			name = Debug;
		};
		FC725E4825568060003884F8 /* Release */ = {
			isa = XCBuildConfiguration;
			buildSettings = {
				ALWAYS_SEARCH_USER_PATHS = NO;
				CLANG_ANALYZER_NONNULL = YES;
				CLANG_ANALYZER_NUMBER_OBJECT_CONVERSION = YES_AGGRESSIVE;
				CLANG_CXX_LANGUAGE_STANDARD = "gnu++14";
				CLANG_CXX_LIBRARY = "libc++";
				CLANG_ENABLE_MODULES = YES;
				CLANG_ENABLE_OBJC_ARC = YES;
				CLANG_ENABLE_OBJC_WEAK = YES;
				CLANG_WARN_BLOCK_CAPTURE_AUTORELEASING = YES;
				CLANG_WARN_BOOL_CONVERSION = YES;
				CLANG_WARN_COMMA = YES;
				CLANG_WARN_CONSTANT_CONVERSION = YES;
				CLANG_WARN_DEPRECATED_OBJC_IMPLEMENTATIONS = YES;
				CLANG_WARN_DIRECT_OBJC_ISA_USAGE = YES_ERROR;
				CLANG_WARN_DOCUMENTATION_COMMENTS = YES;
				CLANG_WARN_EMPTY_BODY = YES;
				CLANG_WARN_ENUM_CONVERSION = YES;
				CLANG_WARN_INFINITE_RECURSION = YES;
				CLANG_WARN_INT_CONVERSION = YES;
				CLANG_WARN_NON_LITERAL_NULL_CONVERSION = YES;
				CLANG_WARN_OBJC_IMPLICIT_RETAIN_SELF = YES;
				CLANG_WARN_OBJC_LITERAL_CONVERSION = YES;
				CLANG_WARN_OBJC_ROOT_CLASS = YES_ERROR;
				CLANG_WARN_QUOTED_INCLUDE_IN_FRAMEWORK_HEADER = YES;
				CLANG_WARN_RANGE_LOOP_ANALYSIS = YES;
				CLANG_WARN_STRICT_PROTOTYPES = YES;
				CLANG_WARN_SUSPICIOUS_MOVE = YES;
				CLANG_WARN_UNGUARDED_AVAILABILITY = YES_AGGRESSIVE;
				CLANG_WARN_UNREACHABLE_CODE = YES;
				CLANG_WARN__DUPLICATE_METHOD_MATCH = YES;
				COPY_PHASE_STRIP = NO;
				DEBUG_INFORMATION_FORMAT = "dwarf-with-dsym";
				ENABLE_NS_ASSERTIONS = NO;
				ENABLE_STRICT_OBJC_MSGSEND = YES;
				GCC_C_LANGUAGE_STANDARD = gnu11;
				GCC_NO_COMMON_BLOCKS = YES;
				GCC_WARN_64_TO_32_BIT_CONVERSION = YES;
				GCC_WARN_ABOUT_RETURN_TYPE = YES_ERROR;
				GCC_WARN_UNDECLARED_SELECTOR = YES;
				GCC_WARN_UNINITIALIZED_AUTOS = YES_AGGRESSIVE;
				GCC_WARN_UNUSED_FUNCTION = YES;
				GCC_WARN_UNUSED_VARIABLE = YES;
				IPHONEOS_DEPLOYMENT_TARGET = 14.1;
				MTL_ENABLE_DEBUG_INFO = NO;
				MTL_FAST_MATH = YES;
				SDKROOT = iphoneos;
				SWIFT_COMPILATION_MODE = wholemodule;
				SWIFT_OPTIMIZATION_LEVEL = "-O";
				VALIDATE_PRODUCT = YES;
			};
			name = Release;
		};
		FC725E4A25568060003884F8 /* Debug */ = {
			isa = XCBuildConfiguration;
			buildSettings = {
				ASSETCATALOG_COMPILER_APPICON_NAME = AppIcon;
				ASSETCATALOG_COMPILER_GLOBAL_ACCENT_COLOR_NAME = AccentColor;
				CODE_SIGN_STYLE = Automatic;
				INFOPLIST_FILE = Week4_homework/Info.plist;
				LD_RUNPATH_SEARCH_PATHS = (
					"$(inherited)",
					"@executable_path/Frameworks",
				);
				PRODUCT_BUNDLE_IDENTIFIER = "kong.Week4-homework";
				PRODUCT_NAME = "$(TARGET_NAME)";
				SWIFT_VERSION = 5.0;
				TARGETED_DEVICE_FAMILY = "1,2";
			};
			name = Debug;
		};
		FC725E4B25568060003884F8 /* Release */ = {
			isa = XCBuildConfiguration;
			buildSettings = {
				ASSETCATALOG_COMPILER_APPICON_NAME = AppIcon;
				ASSETCATALOG_COMPILER_GLOBAL_ACCENT_COLOR_NAME = AccentColor;
				CODE_SIGN_STYLE = Automatic;
				INFOPLIST_FILE = Week4_homework/Info.plist;
				LD_RUNPATH_SEARCH_PATHS = (
					"$(inherited)",
					"@executable_path/Frameworks",
				);
				PRODUCT_BUNDLE_IDENTIFIER = "kong.Week4-homework";
				PRODUCT_NAME = "$(TARGET_NAME)";
				SWIFT_VERSION = 5.0;
				TARGETED_DEVICE_FAMILY = "1,2";
			};
			name = Release;
		};
/* End XCBuildConfiguration section */

/* Begin XCConfigurationList section */
		FC725E302556805D003884F8 /* Build configuration list for PBXProject "Week4_homework" */ = {
			isa = XCConfigurationList;
			buildConfigurations = (
				FC725E4725568060003884F8 /* Debug */,
				FC725E4825568060003884F8 /* Release */,
			);
			defaultConfigurationIsVisible = 0;
			defaultConfigurationName = Release;
		};
		FC725E4925568060003884F8 /* Build configuration list for PBXNativeTarget "Week4_homework" */ = {
			isa = XCConfigurationList;
			buildConfigurations = (
				FC725E4A25568060003884F8 /* Debug */,
				FC725E4B25568060003884F8 /* Release */,
			);
			defaultConfigurationIsVisible = 0;
			defaultConfigurationName = Release;
		};
/* End XCConfigurationList section */
	};
	rootObject = FC725E2D2556805D003884F8 /* Project object */;
}
